// !$*UTF8*$!
{
	archiveVersion = 1;
	classes = {
	};
	objectVersion = 50;
	objects = {

/* Begin PBXBuildFile section */
		04FE060126BE343E007FB1BC /* AppDelegate.swift in Sources */ = {isa = PBXBuildFile; fileRef = 04FE060026BE343E007FB1BC /* AppDelegate.swift */; };
		04FE060326BE343E007FB1BC /* SceneDelegate.swift in Sources */ = {isa = PBXBuildFile; fileRef = 04FE060226BE343E007FB1BC /* SceneDelegate.swift */; };
		04FE060526BE343E007FB1BC /* ViewController.swift in Sources */ = {isa = PBXBuildFile; fileRef = 04FE060426BE343E007FB1BC /* ViewController.swift */; };
		04FE060826BE343E007FB1BC /* Main.storyboard in Resources */ = {isa = PBXBuildFile; fileRef = 04FE060626BE343E007FB1BC /* Main.storyboard */; };
		04FE060A26BE343F007FB1BC /* Assets.xcassets in Resources */ = {isa = PBXBuildFile; fileRef = 04FE060926BE343F007FB1BC /* Assets.xcassets */; };
		04FE060D26BE343F007FB1BC /* LaunchScreen.storyboard in Resources */ = {isa = PBXBuildFile; fileRef = 04FE060B26BE343F007FB1BC /* LaunchScreen.storyboard */; };
		04FE061826BE343F007FB1BC /* ParstagramTests.swift in Sources */ = {isa = PBXBuildFile; fileRef = 04FE061726BE343F007FB1BC /* ParstagramTests.swift */; };
		04FE062326BE343F007FB1BC /* ParstagramUITests.swift in Sources */ = {isa = PBXBuildFile; fileRef = 04FE062226BE343F007FB1BC /* ParstagramUITests.swift */; };
/* End PBXBuildFile section */

/* Begin PBXContainerItemProxy section */
		04FE061426BE343F007FB1BC /* PBXContainerItemProxy */ = {
			isa = PBXContainerItemProxy;
			containerPortal = 04FE05F526BE343E007FB1BC /* Project object */;
			proxyType = 1;
			remoteGlobalIDString = 04FE05FC26BE343E007FB1BC;
			remoteInfo = Parstagram;
		};
		04FE061F26BE343F007FB1BC /* PBXContainerItemProxy */ = {
			isa = PBXContainerItemProxy;
			containerPortal = 04FE05F526BE343E007FB1BC /* Project object */;
			proxyType = 1;
			remoteGlobalIDString = 04FE05FC26BE343E007FB1BC;
			remoteInfo = Parstagram;
		};
/* End PBXContainerItemProxy section */

/* Begin PBXFileReference section */
		04FE05FD26BE343E007FB1BC /* Parstagram.app */ = {isa = PBXFileReference; explicitFileType = wrapper.application; includeInIndex = 0; path = Parstagram.app; sourceTree = BUILT_PRODUCTS_DIR; };
		04FE060026BE343E007FB1BC /* AppDelegate.swift */ = {isa = PBXFileReference; lastKnownFileType = sourcecode.swift; path = AppDelegate.swift; sourceTree = "<group>"; };
		04FE060226BE343E007FB1BC /* SceneDelegate.swift */ = {isa = PBXFileReference; lastKnownFileType = sourcecode.swift; path = SceneDelegate.swift; sourceTree = "<group>"; };
		04FE060426BE343E007FB1BC /* ViewController.swift */ = {isa = PBXFileReference; lastKnownFileType = sourcecode.swift; path = ViewController.swift; sourceTree = "<group>"; };
		04FE060726BE343E007FB1BC /* Base */ = {isa = PBXFileReference; lastKnownFileType = file.storyboard; name = Base; path = Base.lproj/Main.storyboard; sourceTree = "<group>"; };
		04FE060926BE343F007FB1BC /* Assets.xcassets */ = {isa = PBXFileReference; lastKnownFileType = folder.assetcatalog; path = Assets.xcassets; sourceTree = "<group>"; };
		04FE060C26BE343F007FB1BC /* Base */ = {isa = PBXFileReference; lastKnownFileType = file.storyboard; name = Base; path = Base.lproj/LaunchScreen.storyboard; sourceTree = "<group>"; };
		04FE060E26BE343F007FB1BC /* Info.plist */ = {isa = PBXFileReference; lastKnownFileType = text.plist.xml; path = Info.plist; sourceTree = "<group>"; };
		04FE061326BE343F007FB1BC /* ParstagramTests.xctest */ = {isa = PBXFileReference; explicitFileType = wrapper.cfbundle; includeInIndex = 0; path = ParstagramTests.xctest; sourceTree = BUILT_PRODUCTS_DIR; };
		04FE061726BE343F007FB1BC /* ParstagramTests.swift */ = {isa = PBXFileReference; lastKnownFileType = sourcecode.swift; path = ParstagramTests.swift; sourceTree = "<group>"; };
		04FE061926BE343F007FB1BC /* Info.plist */ = {isa = PBXFileReference; lastKnownFileType = text.plist.xml; path = Info.plist; sourceTree = "<group>"; };
		04FE061E26BE343F007FB1BC /* ParstagramUITests.xctest */ = {isa = PBXFileReference; explicitFileType = wrapper.cfbundle; includeInIndex = 0; path = ParstagramUITests.xctest; sourceTree = BUILT_PRODUCTS_DIR; };
		04FE062226BE343F007FB1BC /* ParstagramUITests.swift */ = {isa = PBXFileReference; lastKnownFileType = sourcecode.swift; path = ParstagramUITests.swift; sourceTree = "<group>"; };
		04FE062426BE343F007FB1BC /* Info.plist */ = {isa = PBXFileReference; lastKnownFileType = text.plist.xml; path = Info.plist; sourceTree = "<group>"; };
/* End PBXFileReference section */

/* Begin PBXFrameworksBuildPhase section */
		04FE05FA26BE343E007FB1BC /* Frameworks */ = {
			isa = PBXFrameworksBuildPhase;
			buildActionMask = 2147483647;
			files = (
			);
			runOnlyForDeploymentPostprocessing = 0;
		};
		04FE061026BE343F007FB1BC /* Frameworks */ = {
			isa = PBXFrameworksBuildPhase;
			buildActionMask = 2147483647;
			files = (
			);
			runOnlyForDeploymentPostprocessing = 0;
		};
		04FE061B26BE343F007FB1BC /* Frameworks */ = {
			isa = PBXFrameworksBuildPhase;
			buildActionMask = 2147483647;
			files = (
			);
			runOnlyForDeploymentPostprocessing = 0;
		};
/* End PBXFrameworksBuildPhase section */

/* Begin PBXGroup section */
		04FE05F426BE343E007FB1BC = {
			isa = PBXGroup;
			children = (
				04FE05FF26BE343E007FB1BC /* Parstagram */,
				04FE061626BE343F007FB1BC /* ParstagramTests */,
				04FE062126BE343F007FB1BC /* ParstagramUITests */,
				04FE05FE26BE343E007FB1BC /* Products */,
			);
			sourceTree = "<group>";
		};
		04FE05FE26BE343E007FB1BC /* Products */ = {
			isa = PBXGroup;
			children = (
				04FE05FD26BE343E007FB1BC /* Parstagram.app */,
				04FE061326BE343F007FB1BC /* ParstagramTests.xctest */,
				04FE061E26BE343F007FB1BC /* ParstagramUITests.xctest */,
			);
			name = Products;
			sourceTree = "<group>";
		};
		04FE05FF26BE343E007FB1BC /* Parstagram */ = {
			isa = PBXGroup;
			children = (
				04FE060026BE343E007FB1BC /* AppDelegate.swift */,
				04FE060226BE343E007FB1BC /* SceneDelegate.swift */,
				04FE060426BE343E007FB1BC /* ViewController.swift */,
				04FE060626BE343E007FB1BC /* Main.storyboard */,
				04FE060926BE343F007FB1BC /* Assets.xcassets */,
				04FE060B26BE343F007FB1BC /* LaunchScreen.storyboard */,
				04FE060E26BE343F007FB1BC /* Info.plist */,
			);
			path = Parstagram;
			sourceTree = "<group>";
		};
		04FE061626BE343F007FB1BC /* ParstagramTests */ = {
			isa = PBXGroup;
			children = (
				04FE061726BE343F007FB1BC /* ParstagramTests.swift */,
				04FE061926BE343F007FB1BC /* Info.plist */,
			);
			path = ParstagramTests;
			sourceTree = "<group>";
		};
		04FE062126BE343F007FB1BC /* ParstagramUITests */ = {
			isa = PBXGroup;
			children = (
				04FE062226BE343F007FB1BC /* ParstagramUITests.swift */,
				04FE062426BE343F007FB1BC /* Info.plist */,
			);
			path = ParstagramUITests;
			sourceTree = "<group>";
		};
/* End PBXGroup section */

/* Begin PBXNativeTarget section */
		04FE05FC26BE343E007FB1BC /* Parstagram */ = {
			isa = PBXNativeTarget;
			buildConfigurationList = 04FE062726BE343F007FB1BC /* Build configuration list for PBXNativeTarget "Parstagram" */;
			buildPhases = (
				04FE05F926BE343E007FB1BC /* Sources */,
				04FE05FA26BE343E007FB1BC /* Frameworks */,
				04FE05FB26BE343E007FB1BC /* Resources */,
			);
			buildRules = (
			);
			dependencies = (
			);
			name = Parstagram;
			productName = Parstagram;
			productReference = 04FE05FD26BE343E007FB1BC /* Parstagram.app */;
			productType = "com.apple.product-type.application";
		};
		04FE061226BE343F007FB1BC /* ParstagramTests */ = {
			isa = PBXNativeTarget;
			buildConfigurationList = 04FE062A26BE343F007FB1BC /* Build configuration list for PBXNativeTarget "ParstagramTests" */;
			buildPhases = (
				04FE060F26BE343F007FB1BC /* Sources */,
				04FE061026BE343F007FB1BC /* Frameworks */,
				04FE061126BE343F007FB1BC /* Resources */,
			);
			buildRules = (
			);
			dependencies = (
				04FE061526BE343F007FB1BC /* PBXTargetDependency */,
			);
			name = ParstagramTests;
			productName = ParstagramTests;
			productReference = 04FE061326BE343F007FB1BC /* ParstagramTests.xctest */;
			productType = "com.apple.product-type.bundle.unit-test";
		};
		04FE061D26BE343F007FB1BC /* ParstagramUITests */ = {
			isa = PBXNativeTarget;
			buildConfigurationList = 04FE062D26BE343F007FB1BC /* Build configuration list for PBXNativeTarget "ParstagramUITests" */;
			buildPhases = (
				04FE061A26BE343F007FB1BC /* Sources */,
				04FE061B26BE343F007FB1BC /* Frameworks */,
				04FE061C26BE343F007FB1BC /* Resources */,
			);
			buildRules = (
			);
			dependencies = (
				04FE062026BE343F007FB1BC /* PBXTargetDependency */,
			);
			name = ParstagramUITests;
			productName = ParstagramUITests;
			productReference = 04FE061E26BE343F007FB1BC /* ParstagramUITests.xctest */;
			productType = "com.apple.product-type.bundle.ui-testing";
		};
/* End PBXNativeTarget section */

/* Begin PBXProject section */
		04FE05F526BE343E007FB1BC /* Project object */ = {
			isa = PBXProject;
			attributes = {
				LastSwiftUpdateCheck = 1250;
				LastUpgradeCheck = 1250;
				TargetAttributes = {
					04FE05FC26BE343E007FB1BC = {
						CreatedOnToolsVersion = 12.5;
					};
					04FE061226BE343F007FB1BC = {
						CreatedOnToolsVersion = 12.5;
						TestTargetID = 04FE05FC26BE343E007FB1BC;
					};
					04FE061D26BE343F007FB1BC = {
						CreatedOnToolsVersion = 12.5;
						TestTargetID = 04FE05FC26BE343E007FB1BC;
					};
				};
			};
			buildConfigurationList = 04FE05F826BE343E007FB1BC /* Build configuration list for PBXProject "Parstagram" */;
			compatibilityVersion = "Xcode 9.3";
			developmentRegion = en;
			hasScannedForEncodings = 0;
			knownRegions = (
				en,
				Base,
			);
			mainGroup = 04FE05F426BE343E007FB1BC;
			productRefGroup = 04FE05FE26BE343E007FB1BC /* Products */;
			projectDirPath = "";
			projectRoot = "";
			targets = (
				04FE05FC26BE343E007FB1BC /* Parstagram */,
				04FE061226BE343F007FB1BC /* ParstagramTests */,
				04FE061D26BE343F007FB1BC /* ParstagramUITests */,
			);
		};
/* End PBXProject section */

/* Begin PBXResourcesBuildPhase section */
		04FE05FB26BE343E007FB1BC /* Resources */ = {
			isa = PBXResourcesBuildPhase;
			buildActionMask = 2147483647;
			files = (
				04FE060D26BE343F007FB1BC /* LaunchScreen.storyboard in Resources */,
				04FE060A26BE343F007FB1BC /* Assets.xcassets in Resources */,
				04FE060826BE343E007FB1BC /* Main.storyboard in Resources */,
			);
			runOnlyForDeploymentPostprocessing = 0;
		};
		04FE061126BE343F007FB1BC /* Resources */ = {
			isa = PBXResourcesBuildPhase;
			buildActionMask = 2147483647;
			files = (
			);
			runOnlyForDeploymentPostprocessing = 0;
		};
		04FE061C26BE343F007FB1BC /* Resources */ = {
			isa = PBXResourcesBuildPhase;
			buildActionMask = 2147483647;
			files = (
			);
			runOnlyForDeploymentPostprocessing = 0;
		};
/* End PBXResourcesBuildPhase section */

/* Begin PBXSourcesBuildPhase section */
		04FE05F926BE343E007FB1BC /* Sources */ = {
			isa = PBXSourcesBuildPhase;
			buildActionMask = 2147483647;
			files = (
				04FE060526BE343E007FB1BC /* ViewController.swift in Sources */,
				04FE060126BE343E007FB1BC /* AppDelegate.swift in Sources */,
				04FE060326BE343E007FB1BC /* SceneDelegate.swift in Sources */,
			);
			runOnlyForDeploymentPostprocessing = 0;
		};
		04FE060F26BE343F007FB1BC /* Sources */ = {
			isa = PBXSourcesBuildPhase;
			buildActionMask = 2147483647;
			files = (
				04FE061826BE343F007FB1BC /* ParstagramTests.swift in Sources */,
			);
			runOnlyForDeploymentPostprocessing = 0;
		};
		04FE061A26BE343F007FB1BC /* Sources */ = {
			isa = PBXSourcesBuildPhase;
			buildActionMask = 2147483647;
			files = (
				04FE062326BE343F007FB1BC /* ParstagramUITests.swift in Sources */,
			);
			runOnlyForDeploymentPostprocessing = 0;
		};
/* End PBXSourcesBuildPhase section */

/* Begin PBXTargetDependency section */
		04FE061526BE343F007FB1BC /* PBXTargetDependency */ = {
			isa = PBXTargetDependency;
			target = 04FE05FC26BE343E007FB1BC /* Parstagram */;
			targetProxy = 04FE061426BE343F007FB1BC /* PBXContainerItemProxy */;
		};
		04FE062026BE343F007FB1BC /* PBXTargetDependency */ = {
			isa = PBXTargetDependency;
			target = 04FE05FC26BE343E007FB1BC /* Parstagram */;
			targetProxy = 04FE061F26BE343F007FB1BC /* PBXContainerItemProxy */;
		};
/* End PBXTargetDependency section */

/* Begin PBXVariantGroup section */
		04FE060626BE343E007FB1BC /* Main.storyboard */ = {
			isa = PBXVariantGroup;
			children = (
				04FE060726BE343E007FB1BC /* Base */,
			);
			name = Main.storyboard;
			sourceTree = "<group>";
		};
		04FE060B26BE343F007FB1BC /* LaunchScreen.storyboard */ = {
			isa = PBXVariantGroup;
			children = (
				04FE060C26BE343F007FB1BC /* Base */,
			);
			name = LaunchScreen.storyboard;
			sourceTree = "<group>";
		};
/* End PBXVariantGroup section */

/* Begin XCBuildConfiguration section */
		04FE062526BE343F007FB1BC /* Debug */ = {
			isa = XCBuildConfiguration;
			buildSettings = {
				ALWAYS_SEARCH_USER_PATHS = NO;
				CLANG_ANALYZER_NONNULL = YES;
				CLANG_ANALYZER_NUMBER_OBJECT_CONVERSION = YES_AGGRESSIVE;
				CLANG_CXX_LANGUAGE_STANDARD = "gnu++14";
				CLANG_CXX_LIBRARY = "libc++";
				CLANG_ENABLE_MODULES = YES;
				CLANG_ENABLE_OBJC_ARC = YES;
				CLANG_ENABLE_OBJC_WEAK = YES;
				CLANG_WARN_BLOCK_CAPTURE_AUTORELEASING = YES;
				CLANG_WARN_BOOL_CONVERSION = YES;
				CLANG_WARN_COMMA = YES;
				CLANG_WARN_CONSTANT_CONVERSION = YES;
				CLANG_WARN_DEPRECATED_OBJC_IMPLEMENTATIONS = YES;
				CLANG_WARN_DIRECT_OBJC_ISA_USAGE = YES_ERROR;
				CLANG_WARN_DOCUMENTATION_COMMENTS = YES;
				CLANG_WARN_EMPTY_BODY = YES;
				CLANG_WARN_ENUM_CONVERSION = YES;
				CLANG_WARN_INFINITE_RECURSION = YES;
				CLANG_WARN_INT_CONVERSION = YES;
				CLANG_WARN_NON_LITERAL_NULL_CONVERSION = YES;
				CLANG_WARN_OBJC_IMPLICIT_RETAIN_SELF = YES;
				CLANG_WARN_OBJC_LITERAL_CONVERSION = YES;
				CLANG_WARN_OBJC_ROOT_CLASS = YES_ERROR;
				CLANG_WARN_QUOTED_INCLUDE_IN_FRAMEWORK_HEADER = YES;
				CLANG_WARN_RANGE_LOOP_ANALYSIS = YES;
				CLANG_WARN_STRICT_PROTOTYPES = YES;
				CLANG_WARN_SUSPICIOUS_MOVE = YES;
				CLANG_WARN_UNGUARDED_AVAILABILITY = YES_AGGRESSIVE;
				CLANG_WARN_UNREACHABLE_CODE = YES;
				CLANG_WARN__DUPLICATE_METHOD_MATCH = YES;
				COPY_PHASE_STRIP = NO;
				DEBUG_INFORMATION_FORMAT = dwarf;
				ENABLE_STRICT_OBJC_MSGSEND = YES;
				ENABLE_TESTABILITY = YES;
				GCC_C_LANGUAGE_STANDARD = gnu11;
				GCC_DYNAMIC_NO_PIC = NO;
				GCC_NO_COMMON_BLOCKS = YES;
				GCC_OPTIMIZATION_LEVEL = 0;
				GCC_PREPROCESSOR_DEFINITIONS = (
					"DEBUG=1",
					"$(inherited)",
				);
				GCC_WARN_64_TO_32_BIT_CONVERSION = YES;
				GCC_WARN_ABOUT_RETURN_TYPE = YES_ERROR;
				GCC_WARN_UNDECLARED_SELECTOR = YES;
				GCC_WARN_UNINITIALIZED_AUTOS = YES_AGGRESSIVE;
				GCC_WARN_UNUSED_FUNCTION = YES;
				GCC_WARN_UNUSED_VARIABLE = YES;
				IPHONEOS_DEPLOYMENT_TARGET = 14.5;
				MTL_ENABLE_DEBUG_INFO = INCLUDE_SOURCE;
				MTL_FAST_MATH = YES;
				ONLY_ACTIVE_ARCH = YES;
				SDKROOT = iphoneos;
				SWIFT_ACTIVE_COMPILATION_CONDITIONS = DEBUG;
				SWIFT_OPTIMIZATION_LEVEL = "-Onone";
			};
			name = Debug;
		};
		04FE062626BE343F007FB1BC /* Release */ = {
			isa = XCBuildConfiguration;
			buildSettings = {
				ALWAYS_SEARCH_USER_PATHS = NO;
				CLANG_ANALYZER_NONNULL = YES;
				CLANG_ANALYZER_NUMBER_OBJECT_CONVERSION = YES_AGGRESSIVE;
				CLANG_CXX_LANGUAGE_STANDARD = "gnu++14";
				CLANG_CXX_LIBRARY = "libc++";
				CLANG_ENABLE_MODULES = YES;
				CLANG_ENABLE_OBJC_ARC = YES;
				CLANG_ENABLE_OBJC_WEAK = YES;
				CLANG_WARN_BLOCK_CAPTURE_AUTORELEASING = YES;
				CLANG_WARN_BOOL_CONVERSION = YES;
				CLANG_WARN_COMMA = YES;
				CLANG_WARN_CONSTANT_CONVERSION = YES;
				CLANG_WARN_DEPRECATED_OBJC_IMPLEMENTATIONS = YES;
				CLANG_WARN_DIRECT_OBJC_ISA_USAGE = YES_ERROR;
				CLANG_WARN_DOCUMENTATION_COMMENTS = YES;
				CLANG_WARN_EMPTY_BODY = YES;
				CLANG_WARN_ENUM_CONVERSION = YES;
				CLANG_WARN_INFINITE_RECURSION = YES;
				CLANG_WARN_INT_CONVERSION = YES;
				CLANG_WARN_NON_LITERAL_NULL_CONVERSION = YES;
				CLANG_WARN_OBJC_IMPLICIT_RETAIN_SELF = YES;
				CLANG_WARN_OBJC_LITERAL_CONVERSION = YES;
				CLANG_WARN_OBJC_ROOT_CLASS = YES_ERROR;
				CLANG_WARN_QUOTED_INCLUDE_IN_FRAMEWORK_HEADER = YES;
				CLANG_WARN_RANGE_LOOP_ANALYSIS = YES;
				CLANG_WARN_STRICT_PROTOTYPES = YES;
				CLANG_WARN_SUSPICIOUS_MOVE = YES;
				CLANG_WARN_UNGUARDED_AVAILABILITY = YES_AGGRESSIVE;
				CLANG_WARN_UNREACHABLE_CODE = YES;
				CLANG_WARN__DUPLICATE_METHOD_MATCH = YES;
				COPY_PHASE_STRIP = NO;
				DEBUG_INFORMATION_FORMAT = "dwarf-with-dsym";
				ENABLE_NS_ASSERTIONS = NO;
				ENABLE_STRICT_OBJC_MSGSEND = YES;
				GCC_C_LANGUAGE_STANDARD = gnu11;
				GCC_NO_COMMON_BLOCKS = YES;
				GCC_WARN_64_TO_32_BIT_CONVERSION = YES;
				GCC_WARN_ABOUT_RETURN_TYPE = YES_ERROR;
				GCC_WARN_UNDECLARED_SELECTOR = YES;
				GCC_WARN_UNINITIALIZED_AUTOS = YES_AGGRESSIVE;
				GCC_WARN_UNUSED_FUNCTION = YES;
				GCC_WARN_UNUSED_VARIABLE = YES;
				IPHONEOS_DEPLOYMENT_TARGET = 14.5;
				MTL_ENABLE_DEBUG_INFO = NO;
				MTL_FAST_MATH = YES;
				SDKROOT = iphoneos;
				SWIFT_COMPILATION_MODE = wholemodule;
				SWIFT_OPTIMIZATION_LEVEL = "-O";
				VALIDATE_PRODUCT = YES;
			};
			name = Release;
		};
		04FE062826BE343F007FB1BC /* Debug */ = {
			isa = XCBuildConfiguration;
			buildSettings = {
				ASSETCATALOG_COMPILER_APPICON_NAME = AppIcon;
				ASSETCATALOG_COMPILER_GLOBAL_ACCENT_COLOR_NAME = AccentColor;
				CODE_SIGN_STYLE = Automatic;
				DEVELOPMENT_TEAM = 29D6C49AKN;
				INFOPLIST_FILE = Parstagram/Info.plist;
				LD_RUNPATH_SEARCH_PATHS = (
					"$(inherited)",
					"@executable_path/Frameworks",
				);
				PRODUCT_BUNDLE_IDENTIFIER = com.mihirsuvarna.Parstagram;
				PRODUCT_NAME = "$(TARGET_NAME)";
				SWIFT_VERSION = 5.0;
				TARGETED_DEVICE_FAMILY = "1,2";
			};
			name = Debug;
		};
		04FE062926BE343F007FB1BC /* Release */ = {
			isa = XCBuildConfiguration;
			buildSettings = {
				ASSETCATALOG_COMPILER_APPICON_NAME = AppIcon;
				ASSETCATALOG_COMPILER_GLOBAL_ACCENT_COLOR_NAME = AccentColor;
				CODE_SIGN_STYLE = Automatic;
				DEVELOPMENT_TEAM = 29D6C49AKN;
				INFOPLIST_FILE = Parstagram/Info.plist;
				LD_RUNPATH_SEARCH_PATHS = (
					"$(inherited)",
					"@executable_path/Frameworks",
				);
				PRODUCT_BUNDLE_IDENTIFIER = com.mihirsuvarna.Parstagram;
				PRODUCT_NAME = "$(TARGET_NAME)";
				SWIFT_VERSION = 5.0;
				TARGETED_DEVICE_FAMILY = "1,2";
			};
			name = Release;
		};
		04FE062B26BE343F007FB1BC /* Debug */ = {
			isa = XCBuildConfiguration;
			buildSettings = {
				ALWAYS_EMBED_SWIFT_STANDARD_LIBRARIES = YES;
				BUNDLE_LOADER = "$(TEST_HOST)";
				CODE_SIGN_STYLE = Automatic;
				DEVELOPMENT_TEAM = 29D6C49AKN;
				INFOPLIST_FILE = ParstagramTests/Info.plist;
				IPHONEOS_DEPLOYMENT_TARGET = 14.5;
				LD_RUNPATH_SEARCH_PATHS = (
					"$(inherited)",
					"@executable_path/Frameworks",
					"@loader_path/Frameworks",
				);
				PRODUCT_BUNDLE_IDENTIFIER = com.mihirsuvarna.ParstagramTests;
				PRODUCT_NAME = "$(TARGET_NAME)";
				SWIFT_VERSION = 5.0;
				TARGETED_DEVICE_FAMILY = "1,2";
				TEST_HOST = "$(BUILT_PRODUCTS_DIR)/Parstagram.app/Parstagram";
			};
			name = Debug;
		};
		04FE062C26BE343F007FB1BC /* Release */ = {
			isa = XCBuildConfiguration;
			buildSettings = {
				ALWAYS_EMBED_SWIFT_STANDARD_LIBRARIES = YES;
				BUNDLE_LOADER = "$(TEST_HOST)";
				CODE_SIGN_STYLE = Automatic;
				DEVELOPMENT_TEAM = 29D6C49AKN;
				INFOPLIST_FILE = ParstagramTests/Info.plist;
				IPHONEOS_DEPLOYMENT_TARGET = 14.5;
				LD_RUNPATH_SEARCH_PATHS = (
					"$(inherited)",
					"@executable_path/Frameworks",
					"@loader_path/Frameworks",
				);
				PRODUCT_BUNDLE_IDENTIFIER = com.mihirsuvarna.ParstagramTests;
				PRODUCT_NAME = "$(TARGET_NAME)";
				SWIFT_VERSION = 5.0;
				TARGETED_DEVICE_FAMILY = "1,2";
				TEST_HOST = "$(BUILT_PRODUCTS_DIR)/Parstagram.app/Parstagram";
			};
			name = Release;
		};
		04FE062E26BE343F007FB1BC /* Debug */ = {
			isa = XCBuildConfiguration;
			buildSettings = {
				ALWAYS_EMBED_SWIFT_STANDARD_LIBRARIES = YES;
				CODE_SIGN_STYLE = Automatic;
				DEVELOPMENT_TEAM = 29D6C49AKN;
				INFOPLIST_FILE = ParstagramUITests/Info.plist;
				LD_RUNPATH_SEARCH_PATHS = (
					"$(inherited)",
					"@executable_path/Frameworks",
					"@loader_path/Frameworks",
				);
				PRODUCT_BUNDLE_IDENTIFIER = com.mihirsuvarna.ParstagramUITests;
				PRODUCT_NAME = "$(TARGET_NAME)";
				SWIFT_VERSION = 5.0;
				TARGETED_DEVICE_FAMILY = "1,2";
				TEST_TARGET_NAME = Parstagram;
			};
			name = Debug;
		};
		04FE062F26BE343F007FB1BC /* Release */ = {
			isa = XCBuildConfiguration;
			buildSettings = {
				ALWAYS_EMBED_SWIFT_STANDARD_LIBRARIES = YES;
				CODE_SIGN_STYLE = Automatic;
				DEVELOPMENT_TEAM = 29D6C49AKN;
				INFOPLIST_FILE = ParstagramUITests/Info.plist;
				LD_RUNPATH_SEARCH_PATHS = (
					"$(inherited)",
					"@executable_path/Frameworks",
					"@loader_path/Frameworks",
				);
				PRODUCT_BUNDLE_IDENTIFIER = com.mihirsuvarna.ParstagramUITests;
				PRODUCT_NAME = "$(TARGET_NAME)";
				SWIFT_VERSION = 5.0;
				TARGETED_DEVICE_FAMILY = "1,2";
				TEST_TARGET_NAME = Parstagram;
			};
			name = Release;
		};
/* End XCBuildConfiguration section */

/* Begin XCConfigurationList section */
		04FE05F826BE343E007FB1BC /* Build configuration list for PBXProject "Parstagram" */ = {
			isa = XCConfigurationList;
			buildConfigurations = (
				04FE062526BE343F007FB1BC /* Debug */,
				04FE062626BE343F007FB1BC /* Release */,
			);
			defaultConfigurationIsVisible = 0;
			defaultConfigurationName = Release;
		};
		04FE062726BE343F007FB1BC /* Build configuration list for PBXNativeTarget "Parstagram" */ = {
			isa = XCConfigurationList;
			buildConfigurations = (
				04FE062826BE343F007FB1BC /* Debug */,
				04FE062926BE343F007FB1BC /* Release */,
			);
			defaultConfigurationIsVisible = 0;
			defaultConfigurationName = Release;
		};
		04FE062A26BE343F007FB1BC /* Build configuration list for PBXNativeTarget "ParstagramTests" */ = {
			isa = XCConfigurationList;
			buildConfigurations = (
				04FE062B26BE343F007FB1BC /* Debug */,
				04FE062C26BE343F007FB1BC /* Release */,
			);
			defaultConfigurationIsVisible = 0;
			defaultConfigurationName = Release;
		};
		04FE062D26BE343F007FB1BC /* Build configuration list for PBXNativeTarget "ParstagramUITests" */ = {
			isa = XCConfigurationList;
			buildConfigurations = (
				04FE062E26BE343F007FB1BC /* Debug */,
				04FE062F26BE343F007FB1BC /* Release */,
			);
			defaultConfigurationIsVisible = 0;
			defaultConfigurationName = Release;
		};
/* End XCConfigurationList section */
	};
	rootObject = 04FE05F526BE343E007FB1BC /* Project object */;
}
